
Microsoft Visual Studio Solution File, Format Version 12.00
# Visual Studio Version 16
VisualStudioVersion = 16.0.30204.135
MinimumVisualStudioVersion = 10.0.40219.1
Project("{FAE04EC0-301F-11D3-BF4B-00C04F79EFBC}") = "AzureB2C.Auth.WebApp", "AzureB2C.Auth.WebApp.csproj", "{2B41F644-0E5A-4140-B2E5-F17E562D3D2B}"
EndProject
Global
	GlobalSection(SolutionConfigurationPlatforms) = preSolution
		Debug|Any CPU = Debug|Any CPU
		Release|Any CPU = Release|Any CPU
	EndGlobalSection
	GlobalSection(ProjectConfigurationPlatforms) = postSolution
		{2B41F644-0E5A-4140-B2E5-F17E562D3D2B}.Debug|Any CPU.ActiveCfg = Debug|Any CPU
		{2B41F644-0E5A-4140-B2E5-F17E562D3D2B}.Debug|Any CPU.Build.0 = Debug|Any CPU
		{2B41F644-0E5A-4140-B2E5-F17E562D3D2B}.Release|Any CPU.ActiveCfg = Release|Any CPU
		{2B41F644-0E5A-4140-B2E5-F17E562D3D2B}.Release|Any CPU.Build.0 = Release|Any CPU
	EndGlobalSection
	GlobalSection(SolutionProperties) = preSolution
		HideSolutionNode = FALSE
	EndGlobalSection
	GlobalSection(ExtensibilityGlobals) = postSolution
		SolutionGuid = {53F1A48D-4C7C-4623-BA72-0A9A3D5AF629}
	EndGlobalSection
EndGlobal
